
Microsoft Visual Studio Solution File, Format Version 12.00
# Visual Studio 15
VisualStudioVersion = 15.0.27421.1
MinimumVisualStudioVersion = 10.0.40219.1
Project("{9A19103F-16F7-4668-BE54-9A1E7A4F7556}") = "Invitation.Api", "Invitation.Api\Invitation.Api.csproj", "{3C69C019-96FE-4932-9CEF-4C426FE950B4}"
EndProject
Project("{9A19103F-16F7-4668-BE54-9A1E7A4F7556}") = "Invitation.Client", "Invitation.Client\Invitation.Client.csproj", "{5D877282-A693-488A-B9EB-1D2F38D7A489}"
EndProject
Global
	GlobalSection(SolutionConfigurationPlatforms) = preSolution
		Debug|Any CPU = Debug|Any CPU
		Release|Any CPU = Release|Any CPU
	EndGlobalSection
	GlobalSection(ProjectConfigurationPlatforms) = postSolution
		{3C69C019-96FE-4932-9CEF-4C426FE950B4}.Debug|Any CPU.ActiveCfg = Debug|Any CPU
		{3C69C019-96FE-4932-9CEF-4C426FE950B4}.Debug|Any CPU.Build.0 = Debug|Any CPU
		{3C69C019-96FE-4932-9CEF-4C426FE950B4}.Release|Any CPU.ActiveCfg = Release|Any CPU
		{3C69C019-96FE-4932-9CEF-4C426FE950B4}.Release|Any CPU.Build.0 = Release|Any CPU
		{5D877282-A693-488A-B9EB-1D2F38D7A489}.Debug|Any CPU.ActiveCfg = Debug|Any CPU
		{5D877282-A693-488A-B9EB-1D2F38D7A489}.Debug|Any CPU.Build.0 = Debug|Any CPU
		{5D877282-A693-488A-B9EB-1D2F38D7A489}.Release|Any CPU.ActiveCfg = Release|Any CPU
		{5D877282-A693-488A-B9EB-1D2F38D7A489}.Release|Any CPU.Build.0 = Release|Any CPU
	EndGlobalSection
	GlobalSection(SolutionProperties) = preSolution
		HideSolutionNode = FALSE
	EndGlobalSection
	GlobalSection(ExtensibilityGlobals) = postSolution
		SolutionGuid = {B1F8E009-AF80-49F5-8618-5E2BD7FAB690}
	EndGlobalSection
EndGlobal
